
Microsoft Visual Studio Solution File, Format Version 12.00
# Visual Studio Version 16
VisualStudioVersion = 16.0.30717.126
MinimumVisualStudioVersion = 10.0.40219.1
Project("{FAE04EC0-301F-11D3-BF4B-00C04F79EFBC}") = "SKProj1", "SKProj1.csproj", "{B3E2EC88-E0FB-48B5-A56A-06AFAB0FA03F}"
EndProject
Global
	GlobalSection(SolutionConfigurationPlatforms) = preSolution
		Debug|Any CPU = Debug|Any CPU
		Release|Any CPU = Release|Any CPU
	EndGlobalSection
	GlobalSection(ProjectConfigurationPlatforms) = postSolution
		{B3E2EC88-E0FB-48B5-A56A-06AFAB0FA03F}.Debug|Any CPU.ActiveCfg = Debug|Any CPU
		{B3E2EC88-E0FB-48B5-A56A-06AFAB0FA03F}.Debug|Any CPU.Build.0 = Debug|Any CPU
		{B3E2EC88-E0FB-48B5-A56A-06AFAB0FA03F}.Release|Any CPU.ActiveCfg = Release|Any CPU
		{B3E2EC88-E0FB-48B5-A56A-06AFAB0FA03F}.Release|Any CPU.Build.0 = Release|Any CPU
	EndGlobalSection
	GlobalSection(SolutionProperties) = preSolution
		HideSolutionNode = FALSE
	EndGlobalSection
	GlobalSection(ExtensibilityGlobals) = postSolution
		SolutionGuid = {0AA69A73-3E86-412F-9887-D009715C850F}
	EndGlobalSection
EndGlobal
